
Microsoft Visual Studio Solution File, Format Version 12.00
# Visual Studio 15
VisualStudioVersion = 15.0.28307.1321
MinimumVisualStudioVersion = 10.0.40219.1
Project("{FAE04EC0-301F-11D3-BF4B-00C04F79EFBC}") = "FED1StudioProject", "FED1StudioProject\FED1StudioProject.csproj", "{00AF9564-E6B5-45EF-A9CB-1CFBE1029CC8}"
EndProject
Global
	GlobalSection(SolutionConfigurationPlatforms) = preSolution
		Debug|Any CPU = Debug|Any CPU
		Release|Any CPU = Release|Any CPU
	EndGlobalSection
	GlobalSection(ProjectConfigurationPlatforms) = postSolution
		{00AF9564-E6B5-45EF-A9CB-1CFBE1029CC8}.Debug|Any CPU.ActiveCfg = Debug|Any CPU
		{00AF9564-E6B5-45EF-A9CB-1CFBE1029CC8}.Debug|Any CPU.Build.0 = Debug|Any CPU
		{00AF9564-E6B5-45EF-A9CB-1CFBE1029CC8}.Release|Any CPU.ActiveCfg = Release|Any CPU
		{00AF9564-E6B5-45EF-A9CB-1CFBE1029CC8}.Release|Any CPU.Build.0 = Release|Any CPU
	EndGlobalSection
	GlobalSection(SolutionProperties) = preSolution
		HideSolutionNode = FALSE
	EndGlobalSection
	GlobalSection(ExtensibilityGlobals) = postSolution
		SolutionGuid = {A856DF0D-CE38-4264-8F3E-7C36FF1A7688}
	EndGlobalSection
EndGlobal
